# This file is autogenerated, do not edit; changes may be undone by the next 'dep ensure'.


[[projects]]
  name = "github.com/jung-kurt/gofpdf"
  packages = ["."]
  revision = "14c1db30737a138f8d9797cffea58783892b2fae"
  version = "v1.0.0"

[solve-meta]
  analyzer-name = "dep"
  analyzer-version = 1
  inputs-digest = "ed9028c0d891bc72437e7323a57b3b59a15b99897bb0b6c66c6eb78ac5ba0d53"
  solver-name = "gps-cdcl"
  solver-version = 1
